// !$*UTF8*$!
{
	archiveVersion = 1;
	classes = {
	};
	objectVersion = 56;
	objects = {

/* Begin PBXBuildFile section */
		9CB6241F2E79F31B0052C148 /* RXLabApp.swift in Sources */ = {isa = PBXBuildFile; fileRef = 9CB6241E2E79F31B0052C148 /* RXLabApp.swift */; };
		9CB624212E79F31B0052C148 /* ContentView.swift in Sources */ = {isa = PBXBuildFile; fileRef = 9CB624202E79F31B0052C148 /* ContentView.swift */; };
		9CB624232E79F31D0052C148 /* Assets.xcassets in Resources */ = {isa = PBXBuildFile; fileRef = 9CB624222E79F31D0052C148 /* Assets.xcassets */; };
		9CB624262E79F31D0052C148 /* Preview Assets.xcassets in Resources */ = {isa = PBXBuildFile; fileRef = 9CB624252E79F31D0052C148 /* Preview Assets.xcassets */; };
		9CB6242E2E79F3C10052C148 /* RxCocoa in Frameworks */ = {isa = PBXBuildFile; productRef = 9CB6242D2E79F3C10052C148 /* RxCocoa */; };
		9CB624302E79F3C10052C148 /* RxRelay in Frameworks */ = {isa = PBXBuildFile; productRef = 9CB6242F2E79F3C10052C148 /* RxRelay */; };
		9CB624322E79F3C10052C148 /* RxSwift in Frameworks */ = {isa = PBXBuildFile; productRef = 9CB624312E79F3C10052C148 /* RxSwift */; };
		9CB624352E79F5300052C148 /* MainView.swift in Sources */ = {isa = PBXBuildFile; fileRef = 9CB624342E79F5300052C148 /* MainView.swift */; };
/* End PBXBuildFile section */

/* Begin PBXFileReference section */
		9CB6241B2E79F31B0052C148 /* RXLab.app */ = {isa = PBXFileReference; explicitFileType = wrapper.application; includeInIndex = 0; path = RXLab.app; sourceTree = BUILT_PRODUCTS_DIR; };
		9CB6241E2E79F31B0052C148 /* RXLabApp.swift */ = {isa = PBXFileReference; lastKnownFileType = sourcecode.swift; path = RXLabApp.swift; sourceTree = "<group>"; };
		9CB624202E79F31B0052C148 /* ContentView.swift */ = {isa = PBXFileReference; lastKnownFileType = sourcecode.swift; path = ContentView.swift; sourceTree = "<group>"; };
		9CB624222E79F31D0052C148 /* Assets.xcassets */ = {isa = PBXFileReference; lastKnownFileType = folder.assetcatalog; path = Assets.xcassets; sourceTree = "<group>"; };
		9CB624252E79F31D0052C148 /* Preview Assets.xcassets */ = {isa = PBXFileReference; lastKnownFileType = folder.assetcatalog; path = "Preview Assets.xcassets"; sourceTree = "<group>"; };
		9CB624342E79F5300052C148 /* MainView.swift */ = {isa = PBXFileReference; lastKnownFileType = sourcecode.swift; path = MainView.swift; sourceTree = "<group>"; };
/* End PBXFileReference section */

/* Begin PBXFrameworksBuildPhase section */
		9CB624182E79F31B0052C148 /* Frameworks */ = {
			isa = PBXFrameworksBuildPhase;
			buildActionMask = 2147483647;
			files = (
				9CB624322E79F3C10052C148 /* RxSwift in Frameworks */,
				9CB624302E79F3C10052C148 /* RxRelay in Frameworks */,
				9CB6242E2E79F3C10052C148 /* RxCocoa in Frameworks */,
			);
			runOnlyForDeploymentPostprocessing = 0;
		};
/* End PBXFrameworksBuildPhase section */

/* Begin PBXGroup section */
		9CB624122E79F31B0052C148 = {
			isa = PBXGroup;
			children = (
				9CB6241D2E79F31B0052C148 /* RXLab */,
				9CB6241C2E79F31B0052C148 /* Products */,
			);
			sourceTree = "<group>";
		};
		9CB6241C2E79F31B0052C148 /* Products */ = {
			isa = PBXGroup;
			children = (
				9CB6241B2E79F31B0052C148 /* RXLab.app */,
			);
			name = Products;
			sourceTree = "<group>";
		};
		9CB6241D2E79F31B0052C148 /* RXLab */ = {
			isa = PBXGroup;
			children = (
				9CB6241E2E79F31B0052C148 /* RXLabApp.swift */,
				9CB624202E79F31B0052C148 /* ContentView.swift */,
				9CB624222E79F31D0052C148 /* Assets.xcassets */,
				9CB624332E79F5150052C148 /* Screens */,
				9CB624242E79F31D0052C148 /* Preview Content */,
			);
			path = RXLab;
			sourceTree = "<group>";
		};
		9CB624242E79F31D0052C148 /* Preview Content */ = {
			isa = PBXGroup;
			children = (
				9CB624252E79F31D0052C148 /* Preview Assets.xcassets */,
			);
			path = "Preview Content";
			sourceTree = "<group>";
		};
		9CB624332E79F5150052C148 /* Screens */ = {
			isa = PBXGroup;
			children = (
				9CB624342E79F5300052C148 /* MainView.swift */,
			);
			path = Screens;
			sourceTree = "<group>";
		};
/* End PBXGroup section */

/* Begin PBXNativeTarget section */
		9CB6241A2E79F31B0052C148 /* RXLab */ = {
			isa = PBXNativeTarget;
			buildConfigurationList = 9CB624292E79F31D0052C148 /* Build configuration list for PBXNativeTarget "RXLab" */;
			buildPhases = (
				9CB624172E79F31B0052C148 /* Sources */,
				9CB624182E79F31B0052C148 /* Frameworks */,
				9CB624192E79F31B0052C148 /* Resources */,
			);
			buildRules = (
			);
			dependencies = (
			);
			name = RXLab;
			packageProductDependencies = (
				9CB6242D2E79F3C10052C148 /* RxCocoa */,
				9CB6242F2E79F3C10052C148 /* RxRelay */,
				9CB624312E79F3C10052C148 /* RxSwift */,
			);
			productName = RXLab;
			productReference = 9CB6241B2E79F31B0052C148 /* RXLab.app */;
			productType = "com.apple.product-type.application";
		};
/* End PBXNativeTarget section */

/* Begin PBXProject section */
		9CB624132E79F31B0052C148 /* Project object */ = {
			isa = PBXProject;
			attributes = {
				BuildIndependentTargetsInParallel = 1;
				LastSwiftUpdateCheck = 1430;
				LastUpgradeCheck = 1430;
				TargetAttributes = {
					9CB6241A2E79F31B0052C148 = {
						CreatedOnToolsVersion = 14.3.1;
					};
				};
			};
			buildConfigurationList = 9CB624162E79F31B0052C148 /* Build configuration list for PBXProject "RXLab" */;
			compatibilityVersion = "Xcode 14.0";
			developmentRegion = en;
			hasScannedForEncodings = 0;
			knownRegions = (
				en,
				Base,
			);
			mainGroup = 9CB624122E79F31B0052C148;
			packageReferences = (
				9CB6242C2E79F3C10052C148 /* XCRemoteSwiftPackageReference "RxSwift" */,
			);
			productRefGroup = 9CB6241C2E79F31B0052C148 /* Products */;
			projectDirPath = "";
			projectRoot = "";
			targets = (
				9CB6241A2E79F31B0052C148 /* RXLab */,
			);
		};
/* End PBXProject section */

/* Begin PBXResourcesBuildPhase section */
		9CB624192E79F31B0052C148 /* Resources */ = {
			isa = PBXResourcesBuildPhase;
			buildActionMask = 2147483647;
			files = (
				9CB624262E79F31D0052C148 /* Preview Assets.xcassets in Resources */,
				9CB624232E79F31D0052C148 /* Assets.xcassets in Resources */,
			);
			runOnlyForDeploymentPostprocessing = 0;
		};
/* End PBXResourcesBuildPhase section */

/* Begin PBXSourcesBuildPhase section */
		9CB624172E79F31B0052C148 /* Sources */ = {
			isa = PBXSourcesBuildPhase;
			buildActionMask = 2147483647;
			files = (
				9CB624212E79F31B0052C148 /* ContentView.swift in Sources */,
				9CB624352E79F5300052C148 /* MainView.swift in Sources */,
				9CB6241F2E79F31B0052C148 /* RXLabApp.swift in Sources */,
			);
			runOnlyForDeploymentPostprocessing = 0;
		};
/* End PBXSourcesBuildPhase section */

/* Begin XCBuildConfiguration section */
		9CB624272E79F31D0052C148 /* Debug */ = {
			isa = XCBuildConfiguration;
			buildSettings = {
				ALWAYS_SEARCH_USER_PATHS = NO;
				CLANG_ANALYZER_NONNULL = YES;
				CLANG_ANALYZER_NUMBER_OBJECT_CONVERSION = YES_AGGRESSIVE;
				CLANG_CXX_LANGUAGE_STANDARD = "gnu++20";
				CLANG_ENABLE_MODULES = YES;
				CLANG_ENABLE_OBJC_ARC = YES;
				CLANG_ENABLE_OBJC_WEAK = YES;
				CLANG_WARN_BLOCK_CAPTURE_AUTORELEASING = YES;
				CLANG_WARN_BOOL_CONVERSION = YES;
				CLANG_WARN_COMMA = YES;
				CLANG_WARN_CONSTANT_CONVERSION = YES;
				CLANG_WARN_DEPRECATED_OBJC_IMPLEMENTATIONS = YES;
				CLANG_WARN_DIRECT_OBJC_ISA_USAGE = YES_ERROR;
				CLANG_WARN_DOCUMENTATION_COMMENTS = YES;
				CLANG_WARN_EMPTY_BODY = YES;
				CLANG_WARN_ENUM_CONVERSION = YES;
				CLANG_WARN_INFINITE_RECURSION = YES;
				CLANG_WARN_INT_CONVERSION = YES;
				CLANG_WARN_NON_LITERAL_NULL_CONVERSION = YES;
				CLANG_WARN_OBJC_IMPLICIT_RETAIN_SELF = YES;
				CLANG_WARN_OBJC_LITERAL_CONVERSION = YES;
				CLANG_WARN_OBJC_ROOT_CLASS = YES_ERROR;
				CLANG_WARN_QUOTED_INCLUDE_IN_FRAMEWORK_HEADER = YES;
				CLANG_WARN_RANGE_LOOP_ANALYSIS = YES;
				CLANG_WARN_STRICT_PROTOTYPES = YES;
				CLANG_WARN_SUSPICIOUS_MOVE = YES;
				CLANG_WARN_UNGUARDED_AVAILABILITY = YES_AGGRESSIVE;
				CLANG_WARN_UNREACHABLE_CODE = YES;
				CLANG_WARN__DUPLICATE_METHOD_MATCH = YES;
				COPY_PHASE_STRIP = NO;
				DEBUG_INFORMATION_FORMAT = dwarf;
				ENABLE_STRICT_OBJC_MSGSEND = YES;
				ENABLE_TESTABILITY = YES;
				GCC_C_LANGUAGE_STANDARD = gnu11;
				GCC_DYNAMIC_NO_PIC = NO;
				GCC_NO_COMMON_BLOCKS = YES;
				GCC_OPTIMIZATION_LEVEL = 0;
				GCC_PREPROCESSOR_DEFINITIONS = (
					"DEBUG=1",
					"$(inherited)",
				);
				GCC_WARN_64_TO_32_BIT_CONVERSION = YES;
				GCC_WARN_ABOUT_RETURN_TYPE = YES_ERROR;
				GCC_WARN_UNDECLARED_SELECTOR = YES;
				GCC_WARN_UNINITIALIZED_AUTOS = YES_AGGRESSIVE;
				GCC_WARN_UNUSED_FUNCTION = YES;
				GCC_WARN_UNUSED_VARIABLE = YES;
				IPHONEOS_DEPLOYMENT_TARGET = 16.4;
				MTL_ENABLE_DEBUG_INFO = INCLUDE_SOURCE;
				MTL_FAST_MATH = YES;
				ONLY_ACTIVE_ARCH = YES;
				SDKROOT = iphoneos;
				SWIFT_ACTIVE_COMPILATION_CONDITIONS = DEBUG;
				SWIFT_OPTIMIZATION_LEVEL = "-Onone";
			};
			name = Debug;
		};
		9CB624282E79F31D0052C148 /* Release */ = {
			isa = XCBuildConfiguration;
			buildSettings = {
				ALWAYS_SEARCH_USER_PATHS = NO;
				CLANG_ANALYZER_NONNULL = YES;
				CLANG_ANALYZER_NUMBER_OBJECT_CONVERSION = YES_AGGRESSIVE;
				CLANG_CXX_LANGUAGE_STANDARD = "gnu++20";
				CLANG_ENABLE_MODULES = YES;
				CLANG_ENABLE_OBJC_ARC = YES;
				CLANG_ENABLE_OBJC_WEAK = YES;
				CLANG_WARN_BLOCK_CAPTURE_AUTORELEASING = YES;
				CLANG_WARN_BOOL_CONVERSION = YES;
				CLANG_WARN_COMMA = YES;
				CLANG_WARN_CONSTANT_CONVERSION = YES;
				CLANG_WARN_DEPRECATED_OBJC_IMPLEMENTATIONS = YES;
				CLANG_WARN_DIRECT_OBJC_ISA_USAGE = YES_ERROR;
				CLANG_WARN_DOCUMENTATION_COMMENTS = YES;
				CLANG_WARN_EMPTY_BODY = YES;
				CLANG_WARN_ENUM_CONVERSION = YES;
				CLANG_WARN_INFINITE_RECURSION = YES;
				CLANG_WARN_INT_CONVERSION = YES;
				CLANG_WARN_NON_LITERAL_NULL_CONVERSION = YES;
				CLANG_WARN_OBJC_IMPLICIT_RETAIN_SELF = YES;
				CLANG_WARN_OBJC_LITERAL_CONVERSION = YES;
				CLANG_WARN_OBJC_ROOT_CLASS = YES_ERROR;
				CLANG_WARN_QUOTED_INCLUDE_IN_FRAMEWORK_HEADER = YES;
				CLANG_WARN_RANGE_LOOP_ANALYSIS = YES;
				CLANG_WARN_STRICT_PROTOTYPES = YES;
				CLANG_WARN_SUSPICIOUS_MOVE = YES;
				CLANG_WARN_UNGUARDED_AVAILABILITY = YES_AGGRESSIVE;
				CLANG_WARN_UNREACHABLE_CODE = YES;
				CLANG_WARN__DUPLICATE_METHOD_MATCH = YES;
				COPY_PHASE_STRIP = NO;
				DEBUG_INFORMATION_FORMAT = "dwarf-with-dsym";
				ENABLE_NS_ASSERTIONS = NO;
				ENABLE_STRICT_OBJC_MSGSEND = YES;
				GCC_C_LANGUAGE_STANDARD = gnu11;
				GCC_NO_COMMON_BLOCKS = YES;
				GCC_WARN_64_TO_32_BIT_CONVERSION = YES;
				GCC_WARN_ABOUT_RETURN_TYPE = YES_ERROR;
				GCC_WARN_UNDECLARED_SELECTOR = YES;
				GCC_WARN_UNINITIALIZED_AUTOS = YES_AGGRESSIVE;
				GCC_WARN_UNUSED_FUNCTION = YES;
				GCC_WARN_UNUSED_VARIABLE = YES;
				IPHONEOS_DEPLOYMENT_TARGET = 16.4;
				MTL_ENABLE_DEBUG_INFO = NO;
				MTL_FAST_MATH = YES;
				SDKROOT = iphoneos;
				SWIFT_COMPILATION_MODE = wholemodule;
				SWIFT_OPTIMIZATION_LEVEL = "-O";
				VALIDATE_PRODUCT = YES;
			};
			name = Release;
		};
		9CB6242A2E79F31D0052C148 /* Debug */ = {
			isa = XCBuildConfiguration;
			buildSettings = {
				ASSETCATALOG_COMPILER_APPICON_NAME = AppIcon;
				ASSETCATALOG_COMPILER_GLOBAL_ACCENT_COLOR_NAME = AccentColor;
				CODE_SIGN_STYLE = Automatic;
				CURRENT_PROJECT_VERSION = 1;
				DEVELOPMENT_ASSET_PATHS = "\"RXLab/Preview Content\"";
				ENABLE_PREVIEWS = YES;
				GENERATE_INFOPLIST_FILE = YES;
				INFOPLIST_KEY_UIApplicationSceneManifest_Generation = YES;
				INFOPLIST_KEY_UIApplicationSupportsIndirectInputEvents = YES;
				INFOPLIST_KEY_UILaunchScreen_Generation = YES;
				INFOPLIST_KEY_UISupportedInterfaceOrientations_iPad = "UIInterfaceOrientationPortrait UIInterfaceOrientationPortraitUpsideDown UIInterfaceOrientationLandscapeLeft UIInterfaceOrientationLandscapeRight";
				INFOPLIST_KEY_UISupportedInterfaceOrientations_iPhone = "UIInterfaceOrientationPortrait UIInterfaceOrientationLandscapeLeft UIInterfaceOrientationLandscapeRight";
				LD_RUNPATH_SEARCH_PATHS = (
					"$(inherited)",
					"@executable_path/Frameworks",
				);
				MARKETING_VERSION = 1.0;
				PRODUCT_BUNDLE_IDENTIFIER = com.syborg.rxlab.RXLab;
				PRODUCT_NAME = "$(TARGET_NAME)";
				SWIFT_EMIT_LOC_STRINGS = YES;
				SWIFT_VERSION = 5.0;
				TARGETED_DEVICE_FAMILY = "1,2";
			};
			name = Debug;
		};
		9CB6242B2E79F31D0052C148 /* Release */ = {
			isa = XCBuildConfiguration;
			buildSettings = {
				ASSETCATALOG_COMPILER_APPICON_NAME = AppIcon;
				ASSETCATALOG_COMPILER_GLOBAL_ACCENT_COLOR_NAME = AccentColor;
				CODE_SIGN_STYLE = Automatic;
				CURRENT_PROJECT_VERSION = 1;
				DEVELOPMENT_ASSET_PATHS = "\"RXLab/Preview Content\"";
				ENABLE_PREVIEWS = YES;
				GENERATE_INFOPLIST_FILE = YES;
				INFOPLIST_KEY_UIApplicationSceneManifest_Generation = YES;
				INFOPLIST_KEY_UIApplicationSupportsIndirectInputEvents = YES;
				INFOPLIST_KEY_UILaunchScreen_Generation = YES;
				INFOPLIST_KEY_UISupportedInterfaceOrientations_iPad = "UIInterfaceOrientationPortrait UIInterfaceOrientationPortraitUpsideDown UIInterfaceOrientationLandscapeLeft UIInterfaceOrientationLandscapeRight";
				INFOPLIST_KEY_UISupportedInterfaceOrientations_iPhone = "UIInterfaceOrientationPortrait UIInterfaceOrientationLandscapeLeft UIInterfaceOrientationLandscapeRight";
				LD_RUNPATH_SEARCH_PATHS = (
					"$(inherited)",
					"@executable_path/Frameworks",
				);
				MARKETING_VERSION = 1.0;
				PRODUCT_BUNDLE_IDENTIFIER = com.syborg.rxlab.RXLab;
				PRODUCT_NAME = "$(TARGET_NAME)";
				SWIFT_EMIT_LOC_STRINGS = YES;
				SWIFT_VERSION = 5.0;
				TARGETED_DEVICE_FAMILY = "1,2";
			};
			name = Release;
		};
/* End XCBuildConfiguration section */

/* Begin XCConfigurationList section */
		9CB624162E79F31B0052C148 /* Build configuration list for PBXProject "RXLab" */ = {
			isa = XCConfigurationList;
			buildConfigurations = (
				9CB624272E79F31D0052C148 /* Debug */,
				9CB624282E79F31D0052C148 /* Release */,
			);
			defaultConfigurationIsVisible = 0;
			defaultConfigurationName = Release;
		};
		9CB624292E79F31D0052C148 /* Build configuration list for PBXNativeTarget "RXLab" */ = {
			isa = XCConfigurationList;
			buildConfigurations = (
				9CB6242A2E79F31D0052C148 /* Debug */,
				9CB6242B2E79F31D0052C148 /* Release */,
			);
			defaultConfigurationIsVisible = 0;
			defaultConfigurationName = Release;
		};
/* End XCConfigurationList section */

/* Begin XCRemoteSwiftPackageReference section */
		9CB6242C2E79F3C10052C148 /* XCRemoteSwiftPackageReference "RxSwift" */ = {
			isa = XCRemoteSwiftPackageReference;
			repositoryURL = "https://github.com/ReactiveX/RxSwift.git";
			requirement = {
				kind = upToNextMajorVersion;
				minimumVersion = 5.1.3;
			};
		};
/* End XCRemoteSwiftPackageReference section */

/* Begin XCSwiftPackageProductDependency section */
		9CB6242D2E79F3C10052C148 /* RxCocoa */ = {
			isa = XCSwiftPackageProductDependency;
			package = 9CB6242C2E79F3C10052C148 /* XCRemoteSwiftPackageReference "RxSwift" */;
			productName = RxCocoa;
		};
		9CB6242F2E79F3C10052C148 /* RxRelay */ = {
			isa = XCSwiftPackageProductDependency;
			package = 9CB6242C2E79F3C10052C148 /* XCRemoteSwiftPackageReference "RxSwift" */;
			productName = RxRelay;
		};
		9CB624312E79F3C10052C148 /* RxSwift */ = {
			isa = XCSwiftPackageProductDependency;
			package = 9CB6242C2E79F3C10052C148 /* XCRemoteSwiftPackageReference "RxSwift" */;
			productName = RxSwift;
		};
/* End XCSwiftPackageProductDependency section */
	};
	rootObject = 9CB624132E79F31B0052C148 /* Project object */;
}
